
Microsoft Visual Studio Solution File, Format Version 12.00
# Visual Studio Version 16
VisualStudioVersion = 16.0.30011.22
MinimumVisualStudioVersion = 10.0.40219.1
Project("{FAE04EC0-301F-11D3-BF4B-00C04F79EFBC}") = "MargoThermtestAssessment", "MargoThermtestAssessment.csproj", "{C61BD770-8520-4D09-824F-F5203885BBF4}"
EndProject
Global
	GlobalSection(SolutionConfigurationPlatforms) = preSolution
		Debug|Any CPU = Debug|Any CPU
		Release|Any CPU = Release|Any CPU
	EndGlobalSection
	GlobalSection(ProjectConfigurationPlatforms) = postSolution
		{C61BD770-8520-4D09-824F-F5203885BBF4}.Debug|Any CPU.ActiveCfg = Debug|Any CPU
		{C61BD770-8520-4D09-824F-F5203885BBF4}.Debug|Any CPU.Build.0 = Debug|Any CPU
		{C61BD770-8520-4D09-824F-F5203885BBF4}.Release|Any CPU.ActiveCfg = Release|Any CPU
		{C61BD770-8520-4D09-824F-F5203885BBF4}.Release|Any CPU.Build.0 = Release|Any CPU
	EndGlobalSection
	GlobalSection(SolutionProperties) = preSolution
		HideSolutionNode = FALSE
	EndGlobalSection
	GlobalSection(ExtensibilityGlobals) = postSolution
		SolutionGuid = {4CF95944-20F6-4F12-A4E9-51652F88A78C}
	EndGlobalSection
EndGlobal
